//question 2 ﻿
Microsoft Visual Studio Solution File, Format Version 12.00
# Visual Studio Version 17
VisualStudioVersion = 17.2.32505.173
MinimumVisualStudioVersion = 10.0.40219.1
Project("{FAE04EC0-301F-11D3-BF4B-00C04F79EFBC}") = "QuizApp", "QuizApp\QuizApp.csproj", "{CAF01290-D79E-4455-94D5-BCDE9908A14D}"
EndProject
Global
	GlobalSection(SolutionConfigurationPlatforms) = preSolution
		Debug|Any CPU = Debug|Any CPU
		Release|Any CPU = Release|Any CPU
	EndGlobalSection
	GlobalSection(ProjectConfigurationPlatforms) = postSolution
		{CAF01290-D79E-4455-94D5-BCDE9908A14D}.Debug|Any CPU.ActiveCfg = Debug|Any CPU
		{CAF01290-D79E-4455-94D5-BCDE9908A14D}.Debug|Any CPU.Build.0 = Debug|Any CPU
		{CAF01290-D79E-4455-94D5-BCDE9908A14D}.Release|Any CPU.ActiveCfg = Release|Any CPU
		{CAF01290-D79E-4455-94D5-BCDE9908A14D}.Release|Any CPU.Build.0 = Release|Any CPU
	EndGlobalSection
	GlobalSection(SolutionProperties) = preSolution
		HideSolutionNode = FALSE
	EndGlobalSection
	GlobalSection(ExtensibilityGlobals) = postSolution
		SolutionGuid = {A2093C92-64CE-41D0-BF63-691E470BBF42}
	EndGlobalSection
EndGlobal
